// !$*UTF8*$!
{
	archiveVersion = 1;
	classes = {
	};
	objectVersion = 46;
	objects = {

/* Begin PBXBuildFile section */
		738258491D4739F700BC4336 /* main.m in Sources */ = {isa = PBXBuildFile; fileRef = 738258481D4739F700BC4336 /* main.m */; };
		7382584C1D4739F700BC4336 /* AppDelegate.m in Sources */ = {isa = PBXBuildFile; fileRef = 7382584B1D4739F700BC4336 /* AppDelegate.m */; };
		7382584F1D4739F700BC4336 /* ViewController.m in Sources */ = {isa = PBXBuildFile; fileRef = 7382584E1D4739F700BC4336 /* ViewController.m */; };
		738258521D4739F700BC4336 /* Main.storyboard in Resources */ = {isa = PBXBuildFile; fileRef = 738258501D4739F700BC4336 /* Main.storyboard */; };
		738258541D4739F700BC4336 /* Assets.xcassets in Resources */ = {isa = PBXBuildFile; fileRef = 738258531D4739F700BC4336 /* Assets.xcassets */; };
		738258571D4739F700BC4336 /* LaunchScreen.storyboard in Resources */ = {isa = PBXBuildFile; fileRef = 738258551D4739F700BC4336 /* LaunchScreen.storyboard */; };
		7382585F1D473A4000BC4336 /* Ecstasy.mp3 in Resources */ = {isa = PBXBuildFile; fileRef = 7382585E1D473A4000BC4336 /* Ecstasy.mp3 */; };
/* End PBXBuildFile section */

/* Begin PBXFileReference section */
		738258441D4739F700BC4336 /* RandomColorization.app */ = {isa = PBXFileReference; explicitFileType = wrapper.application; includeInIndex = 0; path = RandomColorization.app; sourceTree = BUILT_PRODUCTS_DIR; };
		738258481D4739F700BC4336 /* main.m */ = {isa = PBXFileReference; lastKnownFileType = sourcecode.c.objc; path = main.m; sourceTree = "<group>"; };
		7382584A1D4739F700BC4336 /* AppDelegate.h */ = {isa = PBXFileReference; lastKnownFileType = sourcecode.c.h; path = AppDelegate.h; sourceTree = "<group>"; };
		7382584B1D4739F700BC4336 /* AppDelegate.m */ = {isa = PBXFileReference; lastKnownFileType = sourcecode.c.objc; path = AppDelegate.m; sourceTree = "<group>"; };
		7382584D1D4739F700BC4336 /* ViewController.h */ = {isa = PBXFileReference; lastKnownFileType = sourcecode.c.h; path = ViewController.h; sourceTree = "<group>"; };
		7382584E1D4739F700BC4336 /* ViewController.m */ = {isa = PBXFileReference; lastKnownFileType = sourcecode.c.objc; path = ViewController.m; sourceTree = "<group>"; };
		738258511D4739F700BC4336 /* Base */ = {isa = PBXFileReference; lastKnownFileType = file.storyboard; name = Base; path = Base.lproj/Main.storyboard; sourceTree = "<group>"; };
		738258531D4739F700BC4336 /* Assets.xcassets */ = {isa = PBXFileReference; lastKnownFileType = folder.assetcatalog; path = Assets.xcassets; sourceTree = "<group>"; };
		738258561D4739F700BC4336 /* Base */ = {isa = PBXFileReference; lastKnownFileType = file.storyboard; name = Base; path = Base.lproj/LaunchScreen.storyboard; sourceTree = "<group>"; };
		738258581D4739F700BC4336 /* Info.plist */ = {isa = PBXFileReference; lastKnownFileType = text.plist.xml; path = Info.plist; sourceTree = "<group>"; };
		7382585E1D473A4000BC4336 /* Ecstasy.mp3 */ = {isa = PBXFileReference; lastKnownFileType = audio.mp3; path = Ecstasy.mp3; sourceTree = "<group>"; };
/* End PBXFileReference section */

/* Begin PBXFrameworksBuildPhase section */
		738258411D4739F700BC4336 /* Frameworks */ = {
			isa = PBXFrameworksBuildPhase;
			buildActionMask = 2147483647;
			files = (
			);
			runOnlyForDeploymentPostprocessing = 0;
		};
/* End PBXFrameworksBuildPhase section */

/* Begin PBXGroup section */
		7382583B1D4739F700BC4336 = {
			isa = PBXGroup;
			children = (
				738258461D4739F700BC4336 /* RandomColorization */,
				738258451D4739F700BC4336 /* Products */,
			);
			sourceTree = "<group>";
		};
		738258451D4739F700BC4336 /* Products */ = {
			isa = PBXGroup;
			children = (
				738258441D4739F700BC4336 /* RandomColorization.app */,
			);
			name = Products;
			sourceTree = "<group>";
		};
		738258461D4739F700BC4336 /* RandomColorization */ = {
			isa = PBXGroup;
			children = (
				7382584A1D4739F700BC4336 /* AppDelegate.h */,
				7382584B1D4739F700BC4336 /* AppDelegate.m */,
				7382584D1D4739F700BC4336 /* ViewController.h */,
				7382584E1D4739F700BC4336 /* ViewController.m */,
				738258501D4739F700BC4336 /* Main.storyboard */,
				7382585E1D473A4000BC4336 /* Ecstasy.mp3 */,
				738258531D4739F700BC4336 /* Assets.xcassets */,
				738258551D4739F700BC4336 /* LaunchScreen.storyboard */,
				738258581D4739F700BC4336 /* Info.plist */,
				738258471D4739F700BC4336 /* Supporting Files */,
			);
			path = RandomColorization;
			sourceTree = "<group>";
		};
		738258471D4739F700BC4336 /* Supporting Files */ = {
			isa = PBXGroup;
			children = (
				738258481D4739F700BC4336 /* main.m */,
			);
			name = "Supporting Files";
			sourceTree = "<group>";
		};
/* End PBXGroup section */

/* Begin PBXNativeTarget section */
		738258431D4739F700BC4336 /* RandomColorization */ = {
			isa = PBXNativeTarget;
			buildConfigurationList = 7382585B1D4739F700BC4336 /* Build configuration list for PBXNativeTarget "RandomColorization" */;
			buildPhases = (
				738258401D4739F700BC4336 /* Sources */,
				738258411D4739F700BC4336 /* Frameworks */,
				738258421D4739F700BC4336 /* Resources */,
			);
			buildRules = (
			);
			dependencies = (
			);
			name = RandomColorization;
			productName = RandomColorization;
			productReference = 738258441D4739F700BC4336 /* RandomColorization.app */;
			productType = "com.apple.product-type.application";
		};
/* End PBXNativeTarget section */

/* Begin PBXProject section */
		7382583C1D4739F700BC4336 /* Project object */ = {
			isa = PBXProject;
			attributes = {
				LastUpgradeCheck = 0730;
				ORGANIZATIONNAME = eshine;
				TargetAttributes = {
					738258431D4739F700BC4336 = {
						CreatedOnToolsVersion = 7.3;
					};
				};
			};
			buildConfigurationList = 7382583F1D4739F700BC4336 /* Build configuration list for PBXProject "RandomColorization" */;
			compatibilityVersion = "Xcode 3.2";
			developmentRegion = English;
			hasScannedForEncodings = 0;
			knownRegions = (
				en,
				Base,
			);
			mainGroup = 7382583B1D4739F700BC4336;
			productRefGroup = 738258451D4739F700BC4336 /* Products */;
			projectDirPath = "";
			projectRoot = "";
			targets = (
				738258431D4739F700BC4336 /* RandomColorization */,
			);
		};
/* End PBXProject section */

/* Begin PBXResourcesBuildPhase section */
		738258421D4739F700BC4336 /* Resources */ = {
			isa = PBXResourcesBuildPhase;
			buildActionMask = 2147483647;
			files = (
				738258571D4739F700BC4336 /* LaunchScreen.storyboard in Resources */,
				7382585F1D473A4000BC4336 /* Ecstasy.mp3 in Resources */,
				738258541D4739F700BC4336 /* Assets.xcassets in Resources */,
				738258521D4739F700BC4336 /* Main.storyboard in Resources */,
			);
			runOnlyForDeploymentPostprocessing = 0;
		};
/* End PBXResourcesBuildPhase section */

/* Begin PBXSourcesBuildPhase section */
		738258401D4739F700BC4336 /* Sources */ = {
			isa = PBXSourcesBuildPhase;
			buildActionMask = 2147483647;
			files = (
				7382584F1D4739F700BC4336 /* ViewController.m in Sources */,
				7382584C1D4739F700BC4336 /* AppDelegate.m in Sources */,
				738258491D4739F700BC4336 /* main.m in Sources */,
			);
			runOnlyForDeploymentPostprocessing = 0;
		};
/* End PBXSourcesBuildPhase section */

/* Begin PBXVariantGroup section */
		738258501D4739F700BC4336 /* Main.storyboard */ = {
			isa = PBXVariantGroup;
			children = (
				738258511D4739F700BC4336 /* Base */,
			);
			name = Main.storyboard;
			sourceTree = "<group>";
		};
		738258551D4739F700BC4336 /* LaunchScreen.storyboard */ = {
			isa = PBXVariantGroup;
			children = (
				738258561D4739F700BC4336 /* Base */,
			);
			name = LaunchScreen.storyboard;
			sourceTree = "<group>";
		};
/* End PBXVariantGroup section */

/* Begin XCBuildConfiguration section */
		738258591D4739F700BC4336 /* Debug */ = {
			isa = XCBuildConfiguration;
			buildSettings = {
				ALWAYS_SEARCH_USER_PATHS = NO;
				CLANG_ANALYZER_NONNULL = YES;
				CLANG_CXX_LANGUAGE_STANDARD = "gnu++0x";
				CLANG_CXX_LIBRARY = "libc++";
				CLANG_ENABLE_MODULES = YES;
				CLANG_ENABLE_OBJC_ARC = YES;
				CLANG_WARN_BOOL_CONVERSION = YES;
				CLANG_WARN_CONSTANT_CONVERSION = YES;
				CLANG_WARN_DIRECT_OBJC_ISA_USAGE = YES_ERROR;
				CLANG_WARN_EMPTY_BODY = YES;
				CLANG_WARN_ENUM_CONVERSION = YES;
				CLANG_WARN_INT_CONVERSION = YES;
				CLANG_WARN_OBJC_ROOT_CLASS = YES_ERROR;
				CLANG_WARN_UNREACHABLE_CODE = YES;
				CLANG_WARN__DUPLICATE_METHOD_MATCH = YES;
				"CODE_SIGN_IDENTITY[sdk=iphoneos*]" = "iPhone Developer";
				COPY_PHASE_STRIP = NO;
				DEBUG_INFORMATION_FORMAT = dwarf;
				ENABLE_STRICT_OBJC_MSGSEND = YES;
				ENABLE_TESTABILITY = YES;
				GCC_C_LANGUAGE_STANDARD = gnu99;
				GCC_DYNAMIC_NO_PIC = NO;
				GCC_NO_COMMON_BLOCKS = YES;
				GCC_OPTIMIZATION_LEVEL = 0;
				GCC_PREPROCESSOR_DEFINITIONS = (
					"DEBUG=1",
					"$(inherited)",
				);
				GCC_WARN_64_TO_32_BIT_CONVERSION = YES;
				GCC_WARN_ABOUT_RETURN_TYPE = YES_ERROR;
				GCC_WARN_UNDECLARED_SELECTOR = YES;
				GCC_WARN_UNINITIALIZED_AUTOS = YES_AGGRESSIVE;
				GCC_WARN_UNUSED_FUNCTION = YES;
				GCC_WARN_UNUSED_VARIABLE = YES;
				IPHONEOS_DEPLOYMENT_TARGET = 9.3;
				MTL_ENABLE_DEBUG_INFO = YES;
				ONLY_ACTIVE_ARCH = YES;
				SDKROOT = iphoneos;
			};
			name = Debug;
		};
		7382585A1D4739F700BC4336 /* Release */ = {
			isa = XCBuildConfiguration;
			buildSettings = {
				ALWAYS_SEARCH_USER_PATHS = NO;
				CLANG_ANALYZER_NONNULL = YES;
				CLANG_CXX_LANGUAGE_STANDARD = "gnu++0x";
				CLANG_CXX_LIBRARY = "libc++";
				CLANG_ENABLE_MODULES = YES;
				CLANG_ENABLE_OBJC_ARC = YES;
				CLANG_WARN_BOOL_CONVERSION = YES;
				CLANG_WARN_CONSTANT_CONVERSION = YES;
				CLANG_WARN_DIRECT_OBJC_ISA_USAGE = YES_ERROR;
				CLANG_WARN_EMPTY_BODY = YES;
				CLANG_WARN_ENUM_CONVERSION = YES;
				CLANG_WARN_INT_CONVERSION = YES;
				CLANG_WARN_OBJC_ROOT_CLASS = YES_ERROR;
				CLANG_WARN_UNREACHABLE_CODE = YES;
				CLANG_WARN__DUPLICATE_METHOD_MATCH = YES;
				"CODE_SIGN_IDENTITY[sdk=iphoneos*]" = "iPhone Developer";
				COPY_PHASE_STRIP = NO;
				DEBUG_INFORMATION_FORMAT = "dwarf-with-dsym";
				ENABLE_NS_ASSERTIONS = NO;
				ENABLE_STRICT_OBJC_MSGSEND = YES;
				GCC_C_LANGUAGE_STANDARD = gnu99;
				GCC_NO_COMMON_BLOCKS = YES;
				GCC_WARN_64_TO_32_BIT_CONVERSION = YES;
				GCC_WARN_ABOUT_RETURN_TYPE = YES_ERROR;
				GCC_WARN_UNDECLARED_SELECTOR = YES;
				GCC_WARN_UNINITIALIZED_AUTOS = YES_AGGRESSIVE;
				GCC_WARN_UNUSED_FUNCTION = YES;
				GCC_WARN_UNUSED_VARIABLE = YES;
				IPHONEOS_DEPLOYMENT_TARGET = 9.3;
				MTL_ENABLE_DEBUG_INFO = NO;
				SDKROOT = iphoneos;
				VALIDATE_PRODUCT = YES;
			};
			name = Release;
		};
		7382585C1D4739F700BC4336 /* Debug */ = {
			isa = XCBuildConfiguration;
			buildSettings = {
				ASSETCATALOG_COMPILER_APPICON_NAME = AppIcon;
				INFOPLIST_FILE = RandomColorization/Info.plist;
				IPHONEOS_DEPLOYMENT_TARGET = 8.0;
				LD_RUNPATH_SEARCH_PATHS = "$(inherited) @executable_path/Frameworks";
				PRODUCT_BUNDLE_IDENTIFIER = com.eshine.RandomColorization;
				PRODUCT_NAME = "$(TARGET_NAME)";
			};
			name = Debug;
		};
		7382585D1D4739F700BC4336 /* Release */ = {
			isa = XCBuildConfiguration;
			buildSettings = {
				ASSETCATALOG_COMPILER_APPICON_NAME = AppIcon;
				INFOPLIST_FILE = RandomColorization/Info.plist;
				IPHONEOS_DEPLOYMENT_TARGET = 8.0;
				LD_RUNPATH_SEARCH_PATHS = "$(inherited) @executable_path/Frameworks";
				PRODUCT_BUNDLE_IDENTIFIER = com.eshine.RandomColorization;
				PRODUCT_NAME = "$(TARGET_NAME)";
			};
			name = Release;
		};
/* End XCBuildConfiguration section */

/* Begin XCConfigurationList section */
		7382583F1D4739F700BC4336 /* Build configuration list for PBXProject "RandomColorization" */ = {
			isa = XCConfigurationList;
			buildConfigurations = (
				738258591D4739F700BC4336 /* Debug */,
				7382585A1D4739F700BC4336 /* Release */,
			);
			defaultConfigurationIsVisible = 0;
			defaultConfigurationName = Release;
		};
		7382585B1D4739F700BC4336 /* Build configuration list for PBXNativeTarget "RandomColorization" */ = {
			isa = XCConfigurationList;
			buildConfigurations = (
				7382585C1D4739F700BC4336 /* Debug */,
				7382585D1D4739F700BC4336 /* Release */,
			);
			defaultConfigurationIsVisible = 0;
		};
/* End XCConfigurationList section */
	};
	rootObject = 7382583C1D4739F700BC4336 /* Project object */;
}
